
Microsoft Visual Studio Solution File, Format Version 12.00
# Visual Studio Version 16
VisualStudioVersion = 16.0.31129.286
MinimumVisualStudioVersion = 10.0.40219.1
Project("{FAE04EC0-301F-11D3-BF4B-00C04F79EFBC}") = "TextEditor", "TextEditor\TextEditor.csproj", "{7E775D2F-1660-482D-A6C1-B58218960FEF}"
EndProject
Global
	GlobalSection(SolutionConfigurationPlatforms) = preSolution
		Debug|Any CPU = Debug|Any CPU
		Release|Any CPU = Release|Any CPU
	EndGlobalSection
	GlobalSection(ProjectConfigurationPlatforms) = postSolution
		{7E775D2F-1660-482D-A6C1-B58218960FEF}.Debug|Any CPU.ActiveCfg = Debug|Any CPU
		{7E775D2F-1660-482D-A6C1-B58218960FEF}.Debug|Any CPU.Build.0 = Debug|Any CPU
		{7E775D2F-1660-482D-A6C1-B58218960FEF}.Release|Any CPU.ActiveCfg = Release|Any CPU
		{7E775D2F-1660-482D-A6C1-B58218960FEF}.Release|Any CPU.Build.0 = Release|Any CPU
	EndGlobalSection
	GlobalSection(SolutionProperties) = preSolution
		HideSolutionNode = FALSE
	EndGlobalSection
	GlobalSection(ExtensibilityGlobals) = postSolution
		SolutionGuid = {1AEAB7C2-33A6-4478-93B8-9D00C3A06803}
	EndGlobalSection
EndGlobal
